
Microsoft Visual Studio Solution File, Format Version 12.00
# Visual Studio Version 17
VisualStudioVersion = 17.6.33712.159
MinimumVisualStudioVersion = 10.0.40219.1
Project("{FAE04EC0-301F-11D3-BF4B-00C04F79EFBC}") = "datamatrixBarcodeGen", "datamatrixBarcodeGen\datamatrixBarcodeGen.csproj", "{0CB0367B-0432-4574-8295-0D5785FC0E44}"
EndProject
Global
	GlobalSection(SolutionConfigurationPlatforms) = preSolution
		Debug|Any CPU = Debug|Any CPU
		Release|Any CPU = Release|Any CPU
	EndGlobalSection
	GlobalSection(ProjectConfigurationPlatforms) = postSolution
		{0CB0367B-0432-4574-8295-0D5785FC0E44}.Debug|Any CPU.ActiveCfg = Debug|Any CPU
		{0CB0367B-0432-4574-8295-0D5785FC0E44}.Debug|Any CPU.Build.0 = Debug|Any CPU
		{0CB0367B-0432-4574-8295-0D5785FC0E44}.Release|Any CPU.ActiveCfg = Release|Any CPU
		{0CB0367B-0432-4574-8295-0D5785FC0E44}.Release|Any CPU.Build.0 = Release|Any CPU
	EndGlobalSection
	GlobalSection(SolutionProperties) = preSolution
		HideSolutionNode = FALSE
	EndGlobalSection
	GlobalSection(ExtensibilityGlobals) = postSolution
		SolutionGuid = {4EC9010E-8E42-4880-B299-0BF154E9C29B}
	EndGlobalSection
EndGlobal
